<?xml version="1.0" encoding="utf-8"?>
<Project ToolsVersion="4.0" xmlns="http://schemas.microsoft.com/developer/msbuild/2003">
  <ItemGroup>
    <Filter Include="Source Files">
      <UniqueIdentifier>{4FC737F1-C7A5-4376-A066-2A32D752A2FF}</UniqueIdentifier>
      <Extensions>cpp;c;cc;cxx;def;odl;idl;hpj;bat;asm;asmx</Extensions>
    </Filter>
    <Filter Include="Header Files">
      <UniqueIdentifier>{93995380-89BD-4b04-88EB-625FBE52EBFB}</UniqueIdentifier>
      <Extensions>h;hpp;hxx;hm;inl;inc;xsd</Extensions>
    </Filter>
    <Filter Include="Resource Files">
      <UniqueIdentifier>{67DA6AB6-F800-4c08-8B7A-83BB121AAD01}</UniqueIdentifier>
      <Extensions>rc;ico;cur;bmp;dlg;rc2;rct;bin;rgs;gif;jpg;jpeg;jpe;resx;tiff;tif;png;wav;mfcribbon-ms</Extensions>
    </Filter>
  </ItemGroup>
  <ItemGroup>
    <ClInclude Include="iAPILight.h">
      <Filter>Header Files</Filter>
    </ClInclude>
    <ClInclude Include="iAPISound.h">
      <Filter>Header Files</Filter>
    </ClInclude>
    <ClInclude Include="iAPIText.h">
      <Filter>Header Files</Filter>
    </ClInclude>
    <ClInclude Include="iAPITexture.h">
      <Filter>Header Files</Filter>
    </ClInclude>
    <ClInclude Include="iCamera.h">
      <Filter>Header Files</Filter>
    </ClInclude>
    <ClInclude Include="iCoordinator.h">
      <Filter>Header Files</Filter>
    </ClInclude>
    <ClInclude Include="iFrame.h">
      <Filter>Header Files</Filter>
    </ClInclude>
    <ClInclude Include="iGraphic.h">
      <Filter>Header Files</Filter>
    </ClInclude>
    <ClInclude Include="iLight.h">
      <Filter>Header Files</Filter>
    </ClInclude>
    <ClInclude Include="iObject.h">
      <Filter>Header Files</Filter>
    </ClInclude>
    <ClInclude Include="iSound.h">
      <Filter>Header Files</Filter>
    </ClInclude>
    <ClInclude Include="iText.h">
      <Filter>Header Files</Filter>
    </ClInclude>
    <ClInclude Include="iTexture.h">
      <Filter>Header Files</Filter>
    </ClInclude>
    <ClInclude Include="iUtilities.h">
      <Filter>Header Files</Filter>
    </ClInclude>
    <ClInclude Include="Light.h">
      <Filter>Header Files</Filter>
    </ClInclude>
    <ClInclude Include="MathDeclarations.h">
      <Filter>Header Files</Filter>
    </ClInclude>
    <ClInclude Include="MathDefinitions.h">
      <Filter>Header Files</Filter>
    </ClInclude>
    <ClInclude Include="Object.h">
      <Filter>Header Files</Filter>
    </ClInclude>
    <ClInclude Include="Sound.h">
      <Filter>Header Files</Filter>
    </ClInclude>
    <ClInclude Include="Text.h">
      <Filter>Header Files</Filter>
    </ClInclude>
    <ClInclude Include="Texture.h">
      <Filter>Header Files</Filter>
    </ClInclude>
    <ClInclude Include="Frame.h">
      <Filter>Header Files</Filter>
    </ClInclude>
    <ClInclude Include="Graphic.h">
      <Filter>Header Files</Filter>
    </ClInclude>
    <ClInclude Include="iAPIGraphic.h">
      <Filter>Header Files</Filter>
    </ClInclude>
    <ClInclude Include="APIGraphic.h">
      <Filter>Header Files</Filter>
    </ClInclude>
    <ClInclude Include="APILight.h">
      <Filter>Header Files</Filter>
    </ClInclude>
    <ClInclude Include="APISound.h">
      <Filter>Header Files</Filter>
    </ClInclude>
    <ClInclude Include="APIText.h">
      <Filter>Header Files</Filter>
    </ClInclude>
    <ClInclude Include="APITexture.h">
      <Filter>Header Files</Filter>
    </ClInclude>
    <ClInclude Include="Camera.h">
      <Filter>Header Files</Filter>
    </ClInclude>
    <ClInclude Include="Coordinator.h">
      <Filter>Header Files</Filter>
    </ClInclude>
    <ClInclude Include="iHUD.h">
      <Filter>Header Files</Filter>
    </ClInclude>
    <ClInclude Include="HUD.h">
      <Filter>Header Files</Filter>
    </ClInclude>
    <ClInclude Include="APIWindow.h">
      <Filter>Header Files</Filter>
    </ClInclude>
    <ClInclude Include="iAPIWindow.h">
      <Filter>Header Files</Filter>
    </ClInclude>
    <ClInclude Include="iAPIDisplay.h">
      <Filter>Header Files</Filter>
    </ClInclude>
    <ClInclude Include="APIDisplay.h">
      <Filter>Header Files</Filter>
    </ClInclude>
    <ClInclude Include="iAPIAudio.h">
      <Filter>Header Files</Filter>
    </ClInclude>
    <ClInclude Include="APIAudio.h">
      <Filter>Header Files</Filter>
    </ClInclude>
    <ClInclude Include="APIPlatformSettings.h">
      <Filter>Header Files</Filter>
    </ClInclude>
    <ClInclude Include="VertexList.h">
      <Filter>Header Files</Filter>
    </ClInclude>
    <ClInclude Include="APIVertex.h">
      <Filter>Header Files</Filter>
    </ClInclude>
    <ClInclude Include="GeneralConstants.h">
      <Filter>Header Files</Filter>
    </ClInclude>
    <ClInclude Include="ModellingLayer.h">
      <Filter>Header Files</Filter>
    </ClInclude>
    <ClInclude Include="APIBase.h">
      <Filter>Header Files</Filter>
    </ClInclude>
    <ClInclude Include="iAPIBase.h">
      <Filter>Header Files</Filter>
    </ClInclude>
    <ClInclude Include="Base.h">
      <Filter>Header Files</Filter>
    </ClInclude>
    <ClInclude Include="iBase.h">
      <Filter>Header Files</Filter>
    </ClInclude>
    <ClInclude Include="Design.h">
      <Filter>Header Files</Filter>
    </ClInclude>
    <ClInclude Include="Translation.h">
      <Filter>Header Files</Filter>
    </ClInclude>
    <ClInclude Include="Mappings.h">
      <Filter>Header Files</Filter>
    </ClInclude>
    <ClInclude Include="DialogResource.h">
      <Filter>Header Files</Filter>
    </ClInclude>
    <ClInclude Include="Common_Symbols.h">
      <Filter>Header Files</Filter>
    </ClInclude>
    <ClInclude Include="APIUserInput.h">
      <Filter>Header Files</Filter>
    </ClInclude>
    <ClInclude Include="iAPIUserInput.h">
      <Filter>Header Files</Filter>
    </ClInclude>
    <ClInclude Include="iAPIInputDevice.h">
      <Filter>Header Files</Filter>
    </ClInclude>
    <ClInclude Include="APIInputDevice.h">
      <Filter>Header Files</Filter>
    </ClInclude>
    <ClInclude Include="physics.h">
      <Filter>Header Files</Filter>
    </ClInclude>
    <ClInclude Include="iphysics.h">
      <Filter>Header Files</Filter>
    </ClInclude>
  </ItemGroup>
  <ItemGroup>
    <ClCompile Include="Light.cpp">
      <Filter>Source Files</Filter>
    </ClCompile>
    <ClCompile Include="Object.cpp">
      <Filter>Source Files</Filter>
    </ClCompile>
    <ClCompile Include="Sound.cpp">
      <Filter>Source Files</Filter>
    </ClCompile>
    <ClCompile Include="Text.cpp">
      <Filter>Source Files</Filter>
    </ClCompile>
    <ClCompile Include="Texture.cpp">
      <Filter>Source Files</Filter>
    </ClCompile>
    <ClCompile Include="Utilities.cpp">
      <Filter>Source Files</Filter>
    </ClCompile>
    <ClCompile Include="Design.cpp">
      <Filter>Source Files</Filter>
    </ClCompile>
    <ClCompile Include="Entry.cpp">
      <Filter>Source Files</Filter>
    </ClCompile>
    <ClCompile Include="Frame.cpp">
      <Filter>Source Files</Filter>
    </ClCompile>
    <ClCompile Include="Graphic.cpp">
      <Filter>Source Files</Filter>
    </ClCompile>
    <ClCompile Include="APIGraphic.cpp">
      <Filter>Source Files</Filter>
    </ClCompile>
    <ClCompile Include="APILight.cpp">
      <Filter>Source Files</Filter>
    </ClCompile>
    <ClCompile Include="APISound.cpp">
      <Filter>Source Files</Filter>
    </ClCompile>
    <ClCompile Include="APIText.cpp">
      <Filter>Source Files</Filter>
    </ClCompile>
    <ClCompile Include="APITexture.cpp">
      <Filter>Source Files</Filter>
    </ClCompile>
    <ClCompile Include="Camera.cpp">
      <Filter>Source Files</Filter>
    </ClCompile>
    <ClCompile Include="Coordinator.cpp">
      <Filter>Source Files</Filter>
    </ClCompile>
    <ClCompile Include="HUD.cpp">
      <Filter>Source Files</Filter>
    </ClCompile>
    <ClCompile Include="APIAudio.cpp">
      <Filter>Source Files</Filter>
    </ClCompile>
    <ClCompile Include="APIDisplay.cpp">
      <Filter>Source Files</Filter>
    </ClCompile>
    <ClCompile Include="APIWindow.cpp">
      <Filter>Source Files</Filter>
    </ClCompile>
    <ClCompile Include="APIBase.cpp">
      <Filter>Source Files</Filter>
    </ClCompile>
    <ClCompile Include="Base.cpp">
      <Filter>Source Files</Filter>
    </ClCompile>
    <ClCompile Include="APIUserInput.cpp">
      <Filter>Source Files</Filter>
    </ClCompile>
    <ClCompile Include="APIInputDevice.cpp">
      <Filter>Source Files</Filter>
    </ClCompile>
    <ClCompile Include="physics.cpp">
      <Filter>Source Files</Filter>
    </ClCompile>
  </ItemGroup>
  <ItemGroup>
    <ResourceCompile Include="Dialog.rc">
      <Filter>Resource Files</Filter>
    </ResourceCompile>
  </ItemGroup>
</Project>